// !$*UTF8*$!
{
	archiveVersion = 1;
	classes = {
	};
	objectVersion = 50;
	objects = {

/* Begin PBXBuildFile section */
		111F07B62407B4BF003B90A5 /* WKWebView+Ext.swift in Sources */ = {isa = PBXBuildFile; fileRef = 111F07B52407B4BF003B90A5 /* WKWebView+Ext.swift */; };
		111F07BA24080BEE003B90A5 /* betterroam.css in Resources */ = {isa = PBXBuildFile; fileRef = 111F07B924080BEE003B90A5 /* betterroam.css */; };
		111F07BC240812E7003B90A5 /* betterroam.js in Resources */ = {isa = PBXBuildFile; fileRef = 111F07BB240812E7003B90A5 /* betterroam.js */; };
		11799EEB2406102F009049FD /* AppDelegate.swift in Sources */ = {isa = PBXBuildFile; fileRef = 11799EEA2406102F009049FD /* AppDelegate.swift */; };
		11799EED2406102F009049FD /* SceneDelegate.swift in Sources */ = {isa = PBXBuildFile; fileRef = 11799EEC2406102F009049FD /* SceneDelegate.swift */; };
		11799EEF2406102F009049FD /* MainViewController.swift in Sources */ = {isa = PBXBuildFile; fileRef = 11799EEE2406102F009049FD /* MainViewController.swift */; };
		11799EF22406102F009049FD /* Main.storyboard in Resources */ = {isa = PBXBuildFile; fileRef = 11799EF02406102F009049FD /* Main.storyboard */; };
		11799EF424061031009049FD /* Assets.xcassets in Resources */ = {isa = PBXBuildFile; fileRef = 11799EF324061031009049FD /* Assets.xcassets */; };
		11799EF724061031009049FD /* LaunchScreen.storyboard in Resources */ = {isa = PBXBuildFile; fileRef = 11799EF524061031009049FD /* LaunchScreen.storyboard */; };
/* End PBXBuildFile section */

/* Begin PBXFileReference section */
		111F07B52407B4BF003B90A5 /* WKWebView+Ext.swift */ = {isa = PBXFileReference; lastKnownFileType = sourcecode.swift; path = "WKWebView+Ext.swift"; sourceTree = "<group>"; };
		111F07B924080BEE003B90A5 /* betterroam.css */ = {isa = PBXFileReference; fileEncoding = 4; lastKnownFileType = text.css; path = betterroam.css; sourceTree = "<group>"; };
		111F07BB240812E7003B90A5 /* betterroam.js */ = {isa = PBXFileReference; fileEncoding = 4; lastKnownFileType = sourcecode.javascript; path = betterroam.js; sourceTree = "<group>"; };
		11799EE72406102F009049FD /* RoamMobile.app */ = {isa = PBXFileReference; explicitFileType = wrapper.application; includeInIndex = 0; path = RoamMobile.app; sourceTree = BUILT_PRODUCTS_DIR; };
		11799EEA2406102F009049FD /* AppDelegate.swift */ = {isa = PBXFileReference; lastKnownFileType = sourcecode.swift; path = AppDelegate.swift; sourceTree = "<group>"; };
		11799EEC2406102F009049FD /* SceneDelegate.swift */ = {isa = PBXFileReference; lastKnownFileType = sourcecode.swift; path = SceneDelegate.swift; sourceTree = "<group>"; };
		11799EEE2406102F009049FD /* MainViewController.swift */ = {isa = PBXFileReference; lastKnownFileType = sourcecode.swift; path = MainViewController.swift; sourceTree = "<group>"; };
		11799EF12406102F009049FD /* Base */ = {isa = PBXFileReference; lastKnownFileType = file.storyboard; name = Base; path = Base.lproj/Main.storyboard; sourceTree = "<group>"; };
		11799EF324061031009049FD /* Assets.xcassets */ = {isa = PBXFileReference; lastKnownFileType = folder.assetcatalog; path = Assets.xcassets; sourceTree = "<group>"; };
		11799EF624061031009049FD /* Base */ = {isa = PBXFileReference; lastKnownFileType = file.storyboard; name = Base; path = Base.lproj/LaunchScreen.storyboard; sourceTree = "<group>"; };
		11799EF824061031009049FD /* Info.plist */ = {isa = PBXFileReference; lastKnownFileType = text.plist.xml; path = Info.plist; sourceTree = "<group>"; };
		11799EFE24063DEA009049FD /* README.md */ = {isa = PBXFileReference; lastKnownFileType = net.daringfireball.markdown; path = README.md; sourceTree = "<group>"; };
/* End PBXFileReference section */

/* Begin PBXFrameworksBuildPhase section */
		11799EE42406102F009049FD /* Frameworks */ = {
			isa = PBXFrameworksBuildPhase;
			buildActionMask = 2147483647;
			files = (
			);
			runOnlyForDeploymentPostprocessing = 0;
		};
/* End PBXFrameworksBuildPhase section */

/* Begin PBXGroup section */
		11799EDE2406102F009049FD = {
			isa = PBXGroup;
			children = (
				11799EE92406102F009049FD /* RoamMobile */,
				11799EE82406102F009049FD /* Products */,
				11799EFE24063DEA009049FD /* README.md */,
			);
			sourceTree = "<group>";
		};
		11799EE82406102F009049FD /* Products */ = {
			isa = PBXGroup;
			children = (
				11799EE72406102F009049FD /* RoamMobile.app */,
			);
			name = Products;
			sourceTree = "<group>";
		};
		11799EE92406102F009049FD /* RoamMobile */ = {
			isa = PBXGroup;
			children = (
				11799EEA2406102F009049FD /* AppDelegate.swift */,
				11799EEC2406102F009049FD /* SceneDelegate.swift */,
				11799EEE2406102F009049FD /* MainViewController.swift */,
				11799EF02406102F009049FD /* Main.storyboard */,
				11799EF324061031009049FD /* Assets.xcassets */,
				11799EF524061031009049FD /* LaunchScreen.storyboard */,
				11799EF824061031009049FD /* Info.plist */,
				111F07B924080BEE003B90A5 /* betterroam.css */,
				111F07BB240812E7003B90A5 /* betterroam.js */,
				111F07B52407B4BF003B90A5 /* WKWebView+Ext.swift */,
			);
			path = RoamMobile;
			sourceTree = "<group>";
		};
/* End PBXGroup section */

/* Begin PBXNativeTarget section */
		11799EE62406102F009049FD /* RoamMobile */ = {
			isa = PBXNativeTarget;
			buildConfigurationList = 11799EFB24061031009049FD /* Build configuration list for PBXNativeTarget "RoamMobile" */;
			buildPhases = (
				11799EE32406102F009049FD /* Sources */,
				11799EE42406102F009049FD /* Frameworks */,
				11799EE52406102F009049FD /* Resources */,
			);
			buildRules = (
			);
			dependencies = (
			);
			name = RoamMobile;
			productName = RoamMobile;
			productReference = 11799EE72406102F009049FD /* RoamMobile.app */;
			productType = "com.apple.product-type.application";
		};
/* End PBXNativeTarget section */

/* Begin PBXProject section */
		11799EDF2406102F009049FD /* Project object */ = {
			isa = PBXProject;
			attributes = {
				LastSwiftUpdateCheck = 1130;
				LastUpgradeCheck = 1200;
				ORGANIZATIONNAME = "Daniel Aditya Istyana";
				TargetAttributes = {
					11799EE62406102F009049FD = {
						CreatedOnToolsVersion = 11.3;
					};
				};
			};
			buildConfigurationList = 11799EE22406102F009049FD /* Build configuration list for PBXProject "RoamMobile" */;
			compatibilityVersion = "Xcode 9.3";
			developmentRegion = en;
			hasScannedForEncodings = 0;
			knownRegions = (
				en,
				Base,
			);
			mainGroup = 11799EDE2406102F009049FD;
			productRefGroup = 11799EE82406102F009049FD /* Products */;
			projectDirPath = "";
			projectRoot = "";
			targets = (
				11799EE62406102F009049FD /* RoamMobile */,
			);
		};
/* End PBXProject section */

/* Begin PBXResourcesBuildPhase section */
		11799EE52406102F009049FD /* Resources */ = {
			isa = PBXResourcesBuildPhase;
			buildActionMask = 2147483647;
			files = (
				111F07BA24080BEE003B90A5 /* betterroam.css in Resources */,
				11799EF724061031009049FD /* LaunchScreen.storyboard in Resources */,
				111F07BC240812E7003B90A5 /* betterroam.js in Resources */,
				11799EF424061031009049FD /* Assets.xcassets in Resources */,
				11799EF22406102F009049FD /* Main.storyboard in Resources */,
			);
			runOnlyForDeploymentPostprocessing = 0;
		};
/* End PBXResourcesBuildPhase section */

/* Begin PBXSourcesBuildPhase section */
		11799EE32406102F009049FD /* Sources */ = {
			isa = PBXSourcesBuildPhase;
			buildActionMask = 2147483647;
			files = (
				11799EEF2406102F009049FD /* MainViewController.swift in Sources */,
				111F07B62407B4BF003B90A5 /* WKWebView+Ext.swift in Sources */,
				11799EEB2406102F009049FD /* AppDelegate.swift in Sources */,
				11799EED2406102F009049FD /* SceneDelegate.swift in Sources */,
			);
			runOnlyForDeploymentPostprocessing = 0;
		};
/* End PBXSourcesBuildPhase section */

/* Begin PBXVariantGroup section */
		11799EF02406102F009049FD /* Main.storyboard */ = {
			isa = PBXVariantGroup;
			children = (
				11799EF12406102F009049FD /* Base */,
			);
			name = Main.storyboard;
			sourceTree = "<group>";
		};
		11799EF524061031009049FD /* LaunchScreen.storyboard */ = {
			isa = PBXVariantGroup;
			children = (
				11799EF624061031009049FD /* Base */,
			);
			name = LaunchScreen.storyboard;
			sourceTree = "<group>";
		};
/* End PBXVariantGroup section */

/* Begin XCBuildConfiguration section */
		11799EF924061031009049FD /* Debug */ = {
			isa = XCBuildConfiguration;
			buildSettings = {
				ALWAYS_SEARCH_USER_PATHS = NO;
				CLANG_ANALYZER_NONNULL = YES;
				CLANG_ANALYZER_NUMBER_OBJECT_CONVERSION = YES_AGGRESSIVE;
				CLANG_CXX_LANGUAGE_STANDARD = "gnu++14";
				CLANG_CXX_LIBRARY = "libc++";
				CLANG_ENABLE_MODULES = YES;
				CLANG_ENABLE_OBJC_ARC = YES;
				CLANG_ENABLE_OBJC_WEAK = YES;
				CLANG_WARN_BLOCK_CAPTURE_AUTORELEASING = YES;
				CLANG_WARN_BOOL_CONVERSION = YES;
				CLANG_WARN_COMMA = YES;
				CLANG_WARN_CONSTANT_CONVERSION = YES;
				CLANG_WARN_DEPRECATED_OBJC_IMPLEMENTATIONS = YES;
				CLANG_WARN_DIRECT_OBJC_ISA_USAGE = YES_ERROR;
				CLANG_WARN_DOCUMENTATION_COMMENTS = YES;
				CLANG_WARN_EMPTY_BODY = YES;
				CLANG_WARN_ENUM_CONVERSION = YES;
				CLANG_WARN_INFINITE_RECURSION = YES;
				CLANG_WARN_INT_CONVERSION = YES;
				CLANG_WARN_NON_LITERAL_NULL_CONVERSION = YES;
				CLANG_WARN_OBJC_IMPLICIT_RETAIN_SELF = YES;
				CLANG_WARN_OBJC_LITERAL_CONVERSION = YES;
				CLANG_WARN_OBJC_ROOT_CLASS = YES_ERROR;
				CLANG_WARN_QUOTED_INCLUDE_IN_FRAMEWORK_HEADER = YES;
				CLANG_WARN_RANGE_LOOP_ANALYSIS = YES;
				CLANG_WARN_STRICT_PROTOTYPES = YES;
				CLANG_WARN_SUSPICIOUS_MOVE = YES;
				CLANG_WARN_UNGUARDED_AVAILABILITY = YES_AGGRESSIVE;
				CLANG_WARN_UNREACHABLE_CODE = YES;
				CLANG_WARN__DUPLICATE_METHOD_MATCH = YES;
				COPY_PHASE_STRIP = NO;
				DEBUG_INFORMATION_FORMAT = dwarf;
				ENABLE_STRICT_OBJC_MSGSEND = YES;
				ENABLE_TESTABILITY = YES;
				GCC_C_LANGUAGE_STANDARD = gnu11;
				GCC_DYNAMIC_NO_PIC = NO;
				GCC_NO_COMMON_BLOCKS = YES;
				GCC_OPTIMIZATION_LEVEL = 0;
				GCC_PREPROCESSOR_DEFINITIONS = (
					"DEBUG=1",
					"$(inherited)",
				);
				GCC_WARN_64_TO_32_BIT_CONVERSION = YES;
				GCC_WARN_ABOUT_RETURN_TYPE = YES_ERROR;
				GCC_WARN_UNDECLARED_SELECTOR = YES;
				GCC_WARN_UNINITIALIZED_AUTOS = YES_AGGRESSIVE;
				GCC_WARN_UNUSED_FUNCTION = YES;
				GCC_WARN_UNUSED_VARIABLE = YES;
				IPHONEOS_DEPLOYMENT_TARGET = 13.2;
				MTL_ENABLE_DEBUG_INFO = INCLUDE_SOURCE;
				MTL_FAST_MATH = YES;
				ONLY_ACTIVE_ARCH = YES;
				SDKROOT = iphoneos;
				SWIFT_ACTIVE_COMPILATION_CONDITIONS = DEBUG;
				SWIFT_OPTIMIZATION_LEVEL = "-Onone";
			};
			name = Debug;
		};
		11799EFA24061031009049FD /* Release */ = {
			isa = XCBuildConfiguration;
			buildSettings = {
				ALWAYS_SEARCH_USER_PATHS = NO;
				CLANG_ANALYZER_NONNULL = YES;
				CLANG_ANALYZER_NUMBER_OBJECT_CONVERSION = YES_AGGRESSIVE;
				CLANG_CXX_LANGUAGE_STANDARD = "gnu++14";
				CLANG_CXX_LIBRARY = "libc++";
				CLANG_ENABLE_MODULES = YES;
				CLANG_ENABLE_OBJC_ARC = YES;
				CLANG_ENABLE_OBJC_WEAK = YES;
				CLANG_WARN_BLOCK_CAPTURE_AUTORELEASING = YES;
				CLANG_WARN_BOOL_CONVERSION = YES;
				CLANG_WARN_COMMA = YES;
				CLANG_WARN_CONSTANT_CONVERSION = YES;
				CLANG_WARN_DEPRECATED_OBJC_IMPLEMENTATIONS = YES;
				CLANG_WARN_DIRECT_OBJC_ISA_USAGE = YES_ERROR;
				CLANG_WARN_DOCUMENTATION_COMMENTS = YES;
				CLANG_WARN_EMPTY_BODY = YES;
				CLANG_WARN_ENUM_CONVERSION = YES;
				CLANG_WARN_INFINITE_RECURSION = YES;
				CLANG_WARN_INT_CONVERSION = YES;
				CLANG_WARN_NON_LITERAL_NULL_CONVERSION = YES;
				CLANG_WARN_OBJC_IMPLICIT_RETAIN_SELF = YES;
				CLANG_WARN_OBJC_LITERAL_CONVERSION = YES;
				CLANG_WARN_OBJC_ROOT_CLASS = YES_ERROR;
				CLANG_WARN_QUOTED_INCLUDE_IN_FRAMEWORK_HEADER = YES;
				CLANG_WARN_RANGE_LOOP_ANALYSIS = YES;
				CLANG_WARN_STRICT_PROTOTYPES = YES;
				CLANG_WARN_SUSPICIOUS_MOVE = YES;
				CLANG_WARN_UNGUARDED_AVAILABILITY = YES_AGGRESSIVE;
				CLANG_WARN_UNREACHABLE_CODE = YES;
				CLANG_WARN__DUPLICATE_METHOD_MATCH = YES;
				COPY_PHASE_STRIP = NO;
				DEBUG_INFORMATION_FORMAT = "dwarf-with-dsym";
				ENABLE_NS_ASSERTIONS = NO;
				ENABLE_STRICT_OBJC_MSGSEND = YES;
				GCC_C_LANGUAGE_STANDARD = gnu11;
				GCC_NO_COMMON_BLOCKS = YES;
				GCC_WARN_64_TO_32_BIT_CONVERSION = YES;
				GCC_WARN_ABOUT_RETURN_TYPE = YES_ERROR;
				GCC_WARN_UNDECLARED_SELECTOR = YES;
				GCC_WARN_UNINITIALIZED_AUTOS = YES_AGGRESSIVE;
				GCC_WARN_UNUSED_FUNCTION = YES;
				GCC_WARN_UNUSED_VARIABLE = YES;
				IPHONEOS_DEPLOYMENT_TARGET = 13.2;
				MTL_ENABLE_DEBUG_INFO = NO;
				MTL_FAST_MATH = YES;
				SDKROOT = iphoneos;
				SWIFT_COMPILATION_MODE = wholemodule;
				SWIFT_OPTIMIZATION_LEVEL = "-O";
				VALIDATE_PRODUCT = YES;
			};
			name = Release;
		};
		11799EFC24061031009049FD /* Debug */ = {
			isa = XCBuildConfiguration;
			buildSettings = {
				ASSETCATALOG_COMPILER_APPICON_NAME = AppIcon;
				CODE_SIGN_STYLE = Automatic;
				CURRENT_PROJECT_VERSION = 8;
				DEVELOPMENT_TEAM = 9H8AZ8D28D;
				INFOPLIST_FILE = RoamMobile/Info.plist;
				LD_RUNPATH_SEARCH_PATHS = (
					"$(inherited)",
					"@executable_path/Frameworks",
				);
				PRODUCT_BUNDLE_IDENTIFIER = com.adityadaniel.RoamResearchMobile;
				PRODUCT_NAME = "$(TARGET_NAME)";
				SWIFT_VERSION = 5.0;
				TARGETED_DEVICE_FAMILY = "1,2";
			};
			name = Debug;
		};
		11799EFD24061031009049FD /* Release */ = {
			isa = XCBuildConfiguration;
			buildSettings = {
				ASSETCATALOG_COMPILER_APPICON_NAME = AppIcon;
				CODE_SIGN_STYLE = Automatic;
				CURRENT_PROJECT_VERSION = 8;
				DEVELOPMENT_TEAM = 9H8AZ8D28D;
				INFOPLIST_FILE = RoamMobile/Info.plist;
				LD_RUNPATH_SEARCH_PATHS = (
					"$(inherited)",
					"@executable_path/Frameworks",
				);
				PRODUCT_BUNDLE_IDENTIFIER = com.adityadaniel.RoamResearchMobile;
				PRODUCT_NAME = "$(TARGET_NAME)";
				SWIFT_VERSION = 5.0;
				TARGETED_DEVICE_FAMILY = "1,2";
			};
			name = Release;
		};
/* End XCBuildConfiguration section */

/* Begin XCConfigurationList section */
		11799EE22406102F009049FD /* Build configuration list for PBXProject "RoamMobile" */ = {
			isa = XCConfigurationList;
			buildConfigurations = (
				11799EF924061031009049FD /* Debug */,
				11799EFA24061031009049FD /* Release */,
			);
			defaultConfigurationIsVisible = 0;
			defaultConfigurationName = Release;
		};
		11799EFB24061031009049FD /* Build configuration list for PBXNativeTarget "RoamMobile" */ = {
			isa = XCConfigurationList;
			buildConfigurations = (
				11799EFC24061031009049FD /* Debug */,
				11799EFD24061031009049FD /* Release */,
			);
			defaultConfigurationIsVisible = 0;
			defaultConfigurationName = Release;
		};
/* End XCConfigurationList section */
	};
	rootObject = 11799EDF2406102F009049FD /* Project object */;
}
